// !$*UTF8*$!
{
	archiveVersion = 1;
	classes = {
	};
	objectVersion = 46;
	objects = {

/* Begin PBXBuildFile section */
		2F34C2E65C4DCBC27AB96D37 /* CountInfoBean.m in Sources */ = {isa = PBXBuildFile; fileRef = 2F34C5420B7506258CAB5023 /* CountInfoBean.m */; };
		2F34C75234499A24B2C638A2 /* TransBundle.m in Sources */ = {isa = PBXBuildFile; fileRef = 2F34CBFDBF153DD568D4FA90 /* TransBundle.m */; };
		2F34C83268ECD8A330DC61BE /* TransBundleUINavigationController.m in Sources */ = {isa = PBXBuildFile; fileRef = 2F34C3A9E901FD61C7F9B57F /* TransBundleUINavigationController.m */; };
		2F34C9C7187BFB80C977CA1F /* TransBundleUIViewController.m in Sources */ = {isa = PBXBuildFile; fileRef = 2F34CA323995C5BD398CDE3A /* TransBundleUIViewController.m */; };
		2F34CA602530617EB2B2DD32 /* TranBundleUITableViewController.m in Sources */ = {isa = PBXBuildFile; fileRef = 2F34C54DFC77D1070DFBD6C7 /* TranBundleUITableViewController.m */; };
		2F34CA83D0EBDA9E78F7BADD /* UIStoryboard+Forum.m in Sources */ = {isa = PBXBuildFile; fileRef = 2F34C43E3BDED465C43E5228 /* UIStoryboard+Forum.m */; };
		3A3F44D71C565AAF0061817B /* main.m in Sources */ = {isa = PBXBuildFile; fileRef = 3A3F44D61C565AAF0061817B /* main.m */; };
		3A3F44DA1C565AAF0061817B /* AppDelegate.m in Sources */ = {isa = PBXBuildFile; fileRef = 3A3F44D91C565AAF0061817B /* AppDelegate.m */; };
		3A3F44E01C565AAF0061817B /* Main.storyboard in Resources */ = {isa = PBXBuildFile; fileRef = 3A3F44DE1C565AAF0061817B /* Main.storyboard */; };
		3A3F44E31C565AAF0061817B /* BJGJJ.xcdatamodeld in Sources */ = {isa = PBXBuildFile; fileRef = 3A3F44E11C565AAF0061817B /* BJGJJ.xcdatamodeld */; };
		3A3F44E51C565AAF0061817B /* Assets.xcassets in Resources */ = {isa = PBXBuildFile; fileRef = 3A3F44E41C565AAF0061817B /* Assets.xcassets */; };
		3A3F44E81C565AAF0061817B /* LaunchScreen.storyboard in Resources */ = {isa = PBXBuildFile; fileRef = 3A3F44E61C565AAF0061817B /* LaunchScreen.storyboard */; };
		3A3F44F11C56661C0061817B /* LoginViewController.m in Sources */ = {isa = PBXBuildFile; fileRef = 3A3F44F01C56661C0061817B /* LoginViewController.m */; };
		3A3F44F41C5668070061817B /* Browser.m in Sources */ = {isa = PBXBuildFile; fileRef = 3A3F44F31C5668070061817B /* Browser.m */; };
		3A6309C51F9F72B200CF94BA /* launch.jpg in Resources */ = {isa = PBXBuildFile; fileRef = 3A6309C41F9F72B100CF94BA /* launch.jpg */; };
		3A7604291C5FA2630044B61A /* FlatUIButton.m in Sources */ = {isa = PBXBuildFile; fileRef = 3A7604281C5FA2630044B61A /* FlatUIButton.m */; };
		3A76042C1C5FA29B0044B61A /* CommonUtils.m in Sources */ = {isa = PBXBuildFile; fileRef = 3A76042B1C5FA29B0044B61A /* CommonUtils.m */; };
		3A7604311C5FA2B10044B61A /* UIImage+Tint.m in Sources */ = {isa = PBXBuildFile; fileRef = 3A76042E1C5FA2B10044B61A /* UIImage+Tint.m */; };
		3A7604321C5FA2B10044B61A /* UIColor+MyColor.m in Sources */ = {isa = PBXBuildFile; fileRef = 3A7604301C5FA2B10044B61A /* UIColor+MyColor.m */; };
		3A7604341C5FB1010044B61A /* lb.plist in Resources */ = {isa = PBXBuildFile; fileRef = 3A7604331C5FB1010044B61A /* lb.plist */; };
		3A7604371C5FB9A60044B61A /* CountInfoTableViewController.m in Sources */ = {isa = PBXBuildFile; fileRef = 3A7604361C5FB9A60044B61A /* CountInfoTableViewController.m */; };
		3A7604471C5FBF0F0044B61A /* CCFNavigationController.m in Sources */ = {isa = PBXBuildFile; fileRef = 3A7604461C5FBF0F0044B61A /* CCFNavigationController.m */; };
		3A76044D1C5FD87A0044B61A /* TransDataUIViewController.m in Sources */ = {isa = PBXBuildFile; fileRef = 3A76044C1C5FD87A0044B61A /* TransDataUIViewController.m */; };
		3A79DEDA1C5DCD3A007C5D48 /* BJBrowser.m in Sources */ = {isa = PBXBuildFile; fileRef = 3A79DED91C5DCD3A007C5D48 /* BJBrowser.m */; };
		3A79DEDE1C5DE4E1007C5D48 /* StatusBean.m in Sources */ = {isa = PBXBuildFile; fileRef = 3A79DEDD1C5DE4E1007C5D48 /* StatusBean.m */; };
		3A79DEE11C5DE5F9007C5D48 /* HTMLParser.m in Sources */ = {isa = PBXBuildFile; fileRef = 3A79DEE01C5DE5F9007C5D48 /* HTMLParser.m */; };
		3A79DEE41C5DED68007C5D48 /* NSString+Regular.m in Sources */ = {isa = PBXBuildFile; fileRef = 3A79DEE31C5DED68007C5D48 /* NSString+Regular.m */; };
		3A79DEF31C5E35D2007C5D48 /* CaptchaBrowser.m in Sources */ = {isa = PBXBuildFile; fileRef = 3A79DEF21C5E35D2007C5D48 /* CaptchaBrowser.m */; };
		3A8019B01C57B6A500DB16BF /* Encrypt.m in Sources */ = {isa = PBXBuildFile; fileRef = 3A8019AF1C57B6A500DB16BF /* Encrypt.m */; };
		3A8B5EF51C5C820100FE956D /* NSArray+Converter.m in Sources */ = {isa = PBXBuildFile; fileRef = 3A8B5EF41C5C820100FE956D /* NSArray+Converter.m */; };
		3A8B5EF81C5C977D00FE956D /* NSStringUtils.m in Sources */ = {isa = PBXBuildFile; fileRef = 3A8B5EF71C5C977D00FE956D /* NSStringUtils.m */; };
		3A8B5EFB1C5CB48400FE956D /* NSString+Converter.m in Sources */ = {isa = PBXBuildFile; fileRef = 3A8B5EFA1C5CB48400FE956D /* NSString+Converter.m */; };
		428C346EF9C30953AC5D4A33 /* libPods-BJGJJ.a in Frameworks */ = {isa = PBXBuildFile; fileRef = A96CF235663C188FD7EF9564 /* libPods-BJGJJ.a */; };
/* End PBXBuildFile section */

/* Begin PBXFileReference section */
		2F34C0AB978B88AC36EBEF2A /* TransBundleUINavigationController.h */ = {isa = PBXFileReference; fileEncoding = 4; lastKnownFileType = sourcecode.c.h; path = TransBundleUINavigationController.h; sourceTree = "<group>"; };
		2F34C0B9FA322CD84D42A17F /* UIStoryboard+Forum.h */ = {isa = PBXFileReference; fileEncoding = 4; lastKnownFileType = sourcecode.c.h; path = "UIStoryboard+Forum.h"; sourceTree = "<group>"; };
		2F34C24F338924F01F199908 /* TransBundle.h */ = {isa = PBXFileReference; fileEncoding = 4; lastKnownFileType = sourcecode.c.h; path = TransBundle.h; sourceTree = "<group>"; };
		2F34C3A76E151A2D9A4D75DD /* TransBundleDelegate.h */ = {isa = PBXFileReference; fileEncoding = 4; lastKnownFileType = sourcecode.c.h; path = TransBundleDelegate.h; sourceTree = "<group>"; };
		2F34C3A9E901FD61C7F9B57F /* TransBundleUINavigationController.m */ = {isa = PBXFileReference; fileEncoding = 4; lastKnownFileType = sourcecode.c.objc; path = TransBundleUINavigationController.m; sourceTree = "<group>"; };
		2F34C43E3BDED465C43E5228 /* UIStoryboard+Forum.m */ = {isa = PBXFileReference; fileEncoding = 4; lastKnownFileType = sourcecode.c.objc; path = "UIStoryboard+Forum.m"; sourceTree = "<group>"; };
		2F34C5420B7506258CAB5023 /* CountInfoBean.m */ = {isa = PBXFileReference; fileEncoding = 4; lastKnownFileType = sourcecode.c.objc; path = CountInfoBean.m; sourceTree = "<group>"; };
		2F34C54DFC77D1070DFBD6C7 /* TranBundleUITableViewController.m */ = {isa = PBXFileReference; fileEncoding = 4; lastKnownFileType = sourcecode.c.objc; path = TranBundleUITableViewController.m; sourceTree = "<group>"; };
		2F34C704E8113DFA9B3F25F5 /* CountInfoBean.h */ = {isa = PBXFileReference; fileEncoding = 4; lastKnownFileType = sourcecode.c.h; path = CountInfoBean.h; sourceTree = "<group>"; };
		2F34C93E0190AD9F064CCED0 /* TransBundleUIViewController.h */ = {isa = PBXFileReference; fileEncoding = 4; lastKnownFileType = sourcecode.c.h; path = TransBundleUIViewController.h; sourceTree = "<group>"; };
		2F34CA323995C5BD398CDE3A /* TransBundleUIViewController.m */ = {isa = PBXFileReference; fileEncoding = 4; lastKnownFileType = sourcecode.c.objc; path = TransBundleUIViewController.m; sourceTree = "<group>"; };
		2F34CBFDBF153DD568D4FA90 /* TransBundle.m */ = {isa = PBXFileReference; fileEncoding = 4; lastKnownFileType = sourcecode.c.objc; path = TransBundle.m; sourceTree = "<group>"; };
		2F34CD95842A1B56FD16EAF9 /* TranBundleUITableViewController.h */ = {isa = PBXFileReference; fileEncoding = 4; lastKnownFileType = sourcecode.c.h; path = TranBundleUITableViewController.h; sourceTree = "<group>"; };
		3A3F44D21C565AAF0061817B /* BJGJJ.app */ = {isa = PBXFileReference; explicitFileType = wrapper.application; includeInIndex = 0; path = BJGJJ.app; sourceTree = BUILT_PRODUCTS_DIR; };
		3A3F44D61C565AAF0061817B /* main.m */ = {isa = PBXFileReference; lastKnownFileType = sourcecode.c.objc; path = main.m; sourceTree = "<group>"; };
		3A3F44D81C565AAF0061817B /* AppDelegate.h */ = {isa = PBXFileReference; lastKnownFileType = sourcecode.c.h; path = AppDelegate.h; sourceTree = "<group>"; };
		3A3F44D91C565AAF0061817B /* AppDelegate.m */ = {isa = PBXFileReference; lastKnownFileType = sourcecode.c.objc; path = AppDelegate.m; sourceTree = "<group>"; };
		3A3F44DF1C565AAF0061817B /* Base */ = {isa = PBXFileReference; lastKnownFileType = file.storyboard; name = Base; path = Base.lproj/Main.storyboard; sourceTree = "<group>"; };
		3A3F44E21C565AAF0061817B /* BJGJJ.xcdatamodel */ = {isa = PBXFileReference; lastKnownFileType = wrapper.xcdatamodel; path = BJGJJ.xcdatamodel; sourceTree = "<group>"; };
		3A3F44E41C565AAF0061817B /* Assets.xcassets */ = {isa = PBXFileReference; lastKnownFileType = folder.assetcatalog; path = Assets.xcassets; sourceTree = "<group>"; };
		3A3F44E71C565AAF0061817B /* Base */ = {isa = PBXFileReference; lastKnownFileType = file.storyboard; name = Base; path = Base.lproj/LaunchScreen.storyboard; sourceTree = "<group>"; };
		3A3F44E91C565AAF0061817B /* Info.plist */ = {isa = PBXFileReference; lastKnownFileType = text.plist.xml; path = Info.plist; sourceTree = "<group>"; };
		3A3F44EF1C56661C0061817B /* LoginViewController.h */ = {isa = PBXFileReference; fileEncoding = 4; lastKnownFileType = sourcecode.c.h; path = LoginViewController.h; sourceTree = "<group>"; };
		3A3F44F01C56661C0061817B /* LoginViewController.m */ = {isa = PBXFileReference; fileEncoding = 4; lastKnownFileType = sourcecode.c.objc; path = LoginViewController.m; sourceTree = "<group>"; };
		3A3F44F21C5668070061817B /* Browser.h */ = {isa = PBXFileReference; fileEncoding = 4; lastKnownFileType = sourcecode.c.h; path = Browser.h; sourceTree = "<group>"; };
		3A3F44F31C5668070061817B /* Browser.m */ = {isa = PBXFileReference; fileEncoding = 4; lastKnownFileType = sourcecode.c.objc; path = Browser.m; sourceTree = "<group>"; };
		3A6309C41F9F72B100CF94BA /* launch.jpg */ = {isa = PBXFileReference; lastKnownFileType = image.jpeg; path = launch.jpg; sourceTree = "<group>"; };
		3A7604271C5FA2630044B61A /* FlatUIButton.h */ = {isa = PBXFileReference; fileEncoding = 4; lastKnownFileType = sourcecode.c.h; path = FlatUIButton.h; sourceTree = "<group>"; };
		3A7604281C5FA2630044B61A /* FlatUIButton.m */ = {isa = PBXFileReference; fileEncoding = 4; lastKnownFileType = sourcecode.c.objc; path = FlatUIButton.m; sourceTree = "<group>"; };
		3A76042A1C5FA29B0044B61A /* CommonUtils.h */ = {isa = PBXFileReference; fileEncoding = 4; lastKnownFileType = sourcecode.c.h; path = CommonUtils.h; sourceTree = "<group>"; };
		3A76042B1C5FA29B0044B61A /* CommonUtils.m */ = {isa = PBXFileReference; fileEncoding = 4; lastKnownFileType = sourcecode.c.objc; path = CommonUtils.m; sourceTree = "<group>"; };
		3A76042D1C5FA2B10044B61A /* UIImage+Tint.h */ = {isa = PBXFileReference; fileEncoding = 4; lastKnownFileType = sourcecode.c.h; path = "UIImage+Tint.h"; sourceTree = "<group>"; };
		3A76042E1C5FA2B10044B61A /* UIImage+Tint.m */ = {isa = PBXFileReference; fileEncoding = 4; lastKnownFileType = sourcecode.c.objc; path = "UIImage+Tint.m"; sourceTree = "<group>"; };
		3A76042F1C5FA2B10044B61A /* UIColor+MyColor.h */ = {isa = PBXFileReference; fileEncoding = 4; lastKnownFileType = sourcecode.c.h; path = "UIColor+MyColor.h"; sourceTree = "<group>"; };
		3A7604301C5FA2B10044B61A /* UIColor+MyColor.m */ = {isa = PBXFileReference; fileEncoding = 4; lastKnownFileType = sourcecode.c.objc; path = "UIColor+MyColor.m"; sourceTree = "<group>"; };
		3A7604331C5FB1010044B61A /* lb.plist */ = {isa = PBXFileReference; fileEncoding = 4; lastKnownFileType = text.plist.xml; path = lb.plist; sourceTree = "<group>"; };
		3A7604351C5FB9A60044B61A /* CountInfoTableViewController.h */ = {isa = PBXFileReference; fileEncoding = 4; lastKnownFileType = sourcecode.c.h; path = CountInfoTableViewController.h; sourceTree = "<group>"; };
		3A7604361C5FB9A60044B61A /* CountInfoTableViewController.m */ = {isa = PBXFileReference; fileEncoding = 4; lastKnownFileType = sourcecode.c.objc; path = CountInfoTableViewController.m; sourceTree = "<group>"; };
		3A7604451C5FBF0F0044B61A /* CCFNavigationController.h */ = {isa = PBXFileReference; fileEncoding = 4; lastKnownFileType = sourcecode.c.h; path = CCFNavigationController.h; sourceTree = "<group>"; };
		3A7604461C5FBF0F0044B61A /* CCFNavigationController.m */ = {isa = PBXFileReference; fileEncoding = 4; lastKnownFileType = sourcecode.c.objc; path = CCFNavigationController.m; sourceTree = "<group>"; };
		3A76044B1C5FD87A0044B61A /* TransDataUIViewController.h */ = {isa = PBXFileReference; fileEncoding = 4; lastKnownFileType = sourcecode.c.h; path = TransDataUIViewController.h; sourceTree = "<group>"; };
		3A76044C1C5FD87A0044B61A /* TransDataUIViewController.m */ = {isa = PBXFileReference; fileEncoding = 4; lastKnownFileType = sourcecode.c.objc; path = TransDataUIViewController.m; sourceTree = "<group>"; };
		3A79DED81C5DCD3A007C5D48 /* BJBrowser.h */ = {isa = PBXFileReference; fileEncoding = 4; lastKnownFileType = sourcecode.c.h; path = BJBrowser.h; sourceTree = "<group>"; };
		3A79DED91C5DCD3A007C5D48 /* BJBrowser.m */ = {isa = PBXFileReference; fileEncoding = 4; lastKnownFileType = sourcecode.c.objc; path = BJBrowser.m; sourceTree = "<group>"; };
		3A79DEDC1C5DE4E1007C5D48 /* StatusBean.h */ = {isa = PBXFileReference; fileEncoding = 4; lastKnownFileType = sourcecode.c.h; path = StatusBean.h; sourceTree = "<group>"; };
		3A79DEDD1C5DE4E1007C5D48 /* StatusBean.m */ = {isa = PBXFileReference; fileEncoding = 4; lastKnownFileType = sourcecode.c.objc; path = StatusBean.m; sourceTree = "<group>"; };
		3A79DEDF1C5DE5F9007C5D48 /* HTMLParser.h */ = {isa = PBXFileReference; fileEncoding = 4; lastKnownFileType = sourcecode.c.h; path = HTMLParser.h; sourceTree = "<group>"; };
		3A79DEE01C5DE5F9007C5D48 /* HTMLParser.m */ = {isa = PBXFileReference; fileEncoding = 4; lastKnownFileType = sourcecode.c.objc; path = HTMLParser.m; sourceTree = "<group>"; };
		3A79DEE21C5DED68007C5D48 /* NSString+Regular.h */ = {isa = PBXFileReference; fileEncoding = 4; lastKnownFileType = sourcecode.c.h; path = "NSString+Regular.h"; sourceTree = "<group>"; };
		3A79DEE31C5DED68007C5D48 /* NSString+Regular.m */ = {isa = PBXFileReference; fileEncoding = 4; lastKnownFileType = sourcecode.c.objc; path = "NSString+Regular.m"; sourceTree = "<group>"; };
		3A79DEF11C5E35D2007C5D48 /* CaptchaBrowser.h */ = {isa = PBXFileReference; fileEncoding = 4; lastKnownFileType = sourcecode.c.h; path = CaptchaBrowser.h; sourceTree = "<group>"; };
		3A79DEF21C5E35D2007C5D48 /* CaptchaBrowser.m */ = {isa = PBXFileReference; fileEncoding = 4; lastKnownFileType = sourcecode.c.objc; path = CaptchaBrowser.m; sourceTree = "<group>"; };
		3A8019AE1C57B6A500DB16BF /* Encrypt.h */ = {isa = PBXFileReference; fileEncoding = 4; lastKnownFileType = sourcecode.c.h; path = Encrypt.h; sourceTree = "<group>"; };
		3A8019AF1C57B6A500DB16BF /* Encrypt.m */ = {isa = PBXFileReference; fileEncoding = 4; lastKnownFileType = sourcecode.c.objc; path = Encrypt.m; sourceTree = "<group>"; };
		3A8B5EF31C5C820100FE956D /* NSArray+Converter.h */ = {isa = PBXFileReference; fileEncoding = 4; lastKnownFileType = sourcecode.c.h; path = "NSArray+Converter.h"; sourceTree = "<group>"; };
		3A8B5EF41C5C820100FE956D /* NSArray+Converter.m */ = {isa = PBXFileReference; fileEncoding = 4; lastKnownFileType = sourcecode.c.objc; path = "NSArray+Converter.m"; sourceTree = "<group>"; };
		3A8B5EF61C5C977D00FE956D /* NSStringUtils.h */ = {isa = PBXFileReference; fileEncoding = 4; lastKnownFileType = sourcecode.c.h; path = NSStringUtils.h; sourceTree = "<group>"; };
		3A8B5EF71C5C977D00FE956D /* NSStringUtils.m */ = {isa = PBXFileReference; fileEncoding = 4; lastKnownFileType = sourcecode.c.objc; path = NSStringUtils.m; sourceTree = "<group>"; };
		3A8B5EF91C5CB48400FE956D /* NSString+Converter.h */ = {isa = PBXFileReference; fileEncoding = 4; lastKnownFileType = sourcecode.c.h; path = "NSString+Converter.h"; sourceTree = "<group>"; };
		3A8B5EFA1C5CB48400FE956D /* NSString+Converter.m */ = {isa = PBXFileReference; fileEncoding = 4; lastKnownFileType = sourcecode.c.objc; path = "NSString+Converter.m"; sourceTree = "<group>"; };
		72DD758C1117D897B8E16FA0 /* Pods-BJGJJ.release.xcconfig */ = {isa = PBXFileReference; includeInIndex = 1; lastKnownFileType = text.xcconfig; name = "Pods-BJGJJ.release.xcconfig"; path = "Pods/Target Support Files/Pods-BJGJJ/Pods-BJGJJ.release.xcconfig"; sourceTree = "<group>"; };
		A96CF235663C188FD7EF9564 /* libPods-BJGJJ.a */ = {isa = PBXFileReference; explicitFileType = archive.ar; includeInIndex = 0; path = "libPods-BJGJJ.a"; sourceTree = BUILT_PRODUCTS_DIR; };
		D2581A410982D2C0BBD564E1 /* Pods-BJGJJ.debug.xcconfig */ = {isa = PBXFileReference; includeInIndex = 1; lastKnownFileType = text.xcconfig; name = "Pods-BJGJJ.debug.xcconfig"; path = "Pods/Target Support Files/Pods-BJGJJ/Pods-BJGJJ.debug.xcconfig"; sourceTree = "<group>"; };
/* End PBXFileReference section */

/* Begin PBXFrameworksBuildPhase section */
		3A3F44CF1C565AAF0061817B /* Frameworks */ = {
			isa = PBXFrameworksBuildPhase;
			buildActionMask = 2147483647;
			files = (
				428C346EF9C30953AC5D4A33 /* libPods-BJGJJ.a in Frameworks */,
			);
			runOnlyForDeploymentPostprocessing = 0;
		};
/* End PBXFrameworksBuildPhase section */

/* Begin PBXGroup section */
		3A3F44C91C565AAF0061817B = {
			isa = PBXGroup;
			children = (
				3A3F44D41C565AAF0061817B /* BJGJJ */,
				3A3F44D31C565AAF0061817B /* Products */,
				78623BA62FF5583C526D032C /* Pods */,
				BEFB7506DEF6E42C3465ADA4 /* Frameworks */,
			);
			sourceTree = "<group>";
		};
		3A3F44D31C565AAF0061817B /* Products */ = {
			isa = PBXGroup;
			children = (
				3A3F44D21C565AAF0061817B /* BJGJJ.app */,
			);
			name = Products;
			sourceTree = "<group>";
		};
		3A3F44D41C565AAF0061817B /* BJGJJ */ = {
			isa = PBXGroup;
			children = (
				3A79DEDB1C5DE478007C5D48 /* Public */,
				3A3F44D81C565AAF0061817B /* AppDelegate.h */,
				3A3F44D91C565AAF0061817B /* AppDelegate.m */,
				3A7604451C5FBF0F0044B61A /* CCFNavigationController.h */,
				3A7604461C5FBF0F0044B61A /* CCFNavigationController.m */,
				3A76044B1C5FD87A0044B61A /* TransDataUIViewController.h */,
				3A76044C1C5FD87A0044B61A /* TransDataUIViewController.m */,
				3A3F44EF1C56661C0061817B /* LoginViewController.h */,
				3A3F44F01C56661C0061817B /* LoginViewController.m */,
				3A7604351C5FB9A60044B61A /* CountInfoTableViewController.h */,
				3A7604361C5FB9A60044B61A /* CountInfoTableViewController.m */,
				3A7604271C5FA2630044B61A /* FlatUIButton.h */,
				3A7604281C5FA2630044B61A /* FlatUIButton.m */,
				3A76042A1C5FA29B0044B61A /* CommonUtils.h */,
				3A76042B1C5FA29B0044B61A /* CommonUtils.m */,
				3A76042D1C5FA2B10044B61A /* UIImage+Tint.h */,
				3A76042E1C5FA2B10044B61A /* UIImage+Tint.m */,
				3A76042F1C5FA2B10044B61A /* UIColor+MyColor.h */,
				3A7604301C5FA2B10044B61A /* UIColor+MyColor.m */,
				3A79DEDC1C5DE4E1007C5D48 /* StatusBean.h */,
				3A79DEDD1C5DE4E1007C5D48 /* StatusBean.m */,
				3A79DED81C5DCD3A007C5D48 /* BJBrowser.h */,
				3A79DED91C5DCD3A007C5D48 /* BJBrowser.m */,
				3A79DEF11C5E35D2007C5D48 /* CaptchaBrowser.h */,
				3A79DEF21C5E35D2007C5D48 /* CaptchaBrowser.m */,
				3A79DEDF1C5DE5F9007C5D48 /* HTMLParser.h */,
				3A79DEE01C5DE5F9007C5D48 /* HTMLParser.m */,
				3A8019AE1C57B6A500DB16BF /* Encrypt.h */,
				3A8019AF1C57B6A500DB16BF /* Encrypt.m */,
				3A3F44DE1C565AAF0061817B /* Main.storyboard */,
				3A7604331C5FB1010044B61A /* lb.plist */,
				3A3F44E41C565AAF0061817B /* Assets.xcassets */,
				3A3F44E61C565AAF0061817B /* LaunchScreen.storyboard */,
				3A3F44E91C565AAF0061817B /* Info.plist */,
				3A3F44E11C565AAF0061817B /* BJGJJ.xcdatamodeld */,
				3A3F44D51C565AAF0061817B /* Supporting Files */,
				2F34C5420B7506258CAB5023 /* CountInfoBean.m */,
				2F34C704E8113DFA9B3F25F5 /* CountInfoBean.h */,
				2F34C3A9E901FD61C7F9B57F /* TransBundleUINavigationController.m */,
				2F34C0AB978B88AC36EBEF2A /* TransBundleUINavigationController.h */,
				2F34CBFDBF153DD568D4FA90 /* TransBundle.m */,
				2F34C3A76E151A2D9A4D75DD /* TransBundleDelegate.h */,
				2F34C24F338924F01F199908 /* TransBundle.h */,
				2F34CA323995C5BD398CDE3A /* TransBundleUIViewController.m */,
				2F34C93E0190AD9F064CCED0 /* TransBundleUIViewController.h */,
				2F34C0B9FA322CD84D42A17F /* UIStoryboard+Forum.h */,
				2F34C43E3BDED465C43E5228 /* UIStoryboard+Forum.m */,
				2F34C54DFC77D1070DFBD6C7 /* TranBundleUITableViewController.m */,
				2F34CD95842A1B56FD16EAF9 /* TranBundleUITableViewController.h */,
			);
			path = BJGJJ;
			sourceTree = "<group>";
		};
		3A3F44D51C565AAF0061817B /* Supporting Files */ = {
			isa = PBXGroup;
			children = (
				3A6309C41F9F72B100CF94BA /* launch.jpg */,
				3A3F44D61C565AAF0061817B /* main.m */,
			);
			name = "Supporting Files";
			sourceTree = "<group>";
		};
		3A79DEDB1C5DE478007C5D48 /* Public */ = {
			isa = PBXGroup;
			children = (
				3A3F44F21C5668070061817B /* Browser.h */,
				3A3F44F31C5668070061817B /* Browser.m */,
				3A8B5EF61C5C977D00FE956D /* NSStringUtils.h */,
				3A8B5EF71C5C977D00FE956D /* NSStringUtils.m */,
				3A8B5EF31C5C820100FE956D /* NSArray+Converter.h */,
				3A8B5EF41C5C820100FE956D /* NSArray+Converter.m */,
				3A8B5EF91C5CB48400FE956D /* NSString+Converter.h */,
				3A8B5EFA1C5CB48400FE956D /* NSString+Converter.m */,
				3A79DEE21C5DED68007C5D48 /* NSString+Regular.h */,
				3A79DEE31C5DED68007C5D48 /* NSString+Regular.m */,
			);
			name = Public;
			sourceTree = "<group>";
		};
		78623BA62FF5583C526D032C /* Pods */ = {
			isa = PBXGroup;
			children = (
				D2581A410982D2C0BBD564E1 /* Pods-BJGJJ.debug.xcconfig */,
				72DD758C1117D897B8E16FA0 /* Pods-BJGJJ.release.xcconfig */,
			);
			name = Pods;
			sourceTree = "<group>";
		};
		BEFB7506DEF6E42C3465ADA4 /* Frameworks */ = {
			isa = PBXGroup;
			children = (
				A96CF235663C188FD7EF9564 /* libPods-BJGJJ.a */,
			);
			name = Frameworks;
			sourceTree = "<group>";
		};
/* End PBXGroup section */

/* Begin PBXNativeTarget section */
		3A3F44D11C565AAF0061817B /* BJGJJ */ = {
			isa = PBXNativeTarget;
			buildConfigurationList = 3A3F44EC1C565AAF0061817B /* Build configuration list for PBXNativeTarget "BJGJJ" */;
			buildPhases = (
				FC8BAE27F88C63357E592F6B /* [CP] Check Pods Manifest.lock */,
				3A3F44CE1C565AAF0061817B /* Sources */,
				3A3F44CF1C565AAF0061817B /* Frameworks */,
				3A3F44D01C565AAF0061817B /* Resources */,
				E8C62940A23B81681E48E141 /* [CP] Embed Pods Frameworks */,
				FFA10027B7FB1C0DE9DAC658 /* [CP] Copy Pods Resources */,
			);
			buildRules = (
			);
			dependencies = (
			);
			name = BJGJJ;
			productName = BJGJJ;
			productReference = 3A3F44D21C565AAF0061817B /* BJGJJ.app */;
			productType = "com.apple.product-type.application";
		};
/* End PBXNativeTarget section */

/* Begin PBXProject section */
		3A3F44CA1C565AAF0061817B /* Project object */ = {
			isa = PBXProject;
			attributes = {
				LastUpgradeCheck = 0720;
				ORGANIZATIONNAME = andforce;
				TargetAttributes = {
					3A3F44D11C565AAF0061817B = {
						CreatedOnToolsVersion = 7.2;
						DevelopmentTeam = NRHHX365ZN;
					};
				};
			};
			buildConfigurationList = 3A3F44CD1C565AAF0061817B /* Build configuration list for PBXProject "BJGJJ" */;
			compatibilityVersion = "Xcode 3.2";
			developmentRegion = English;
			hasScannedForEncodings = 0;
			knownRegions = (
				en,
				Base,
			);
			mainGroup = 3A3F44C91C565AAF0061817B;
			productRefGroup = 3A3F44D31C565AAF0061817B /* Products */;
			projectDirPath = "";
			projectRoot = "";
			targets = (
				3A3F44D11C565AAF0061817B /* BJGJJ */,
			);
		};
/* End PBXProject section */

/* Begin PBXResourcesBuildPhase section */
		3A3F44D01C565AAF0061817B /* Resources */ = {
			isa = PBXResourcesBuildPhase;
			buildActionMask = 2147483647;
			files = (
				3A7604341C5FB1010044B61A /* lb.plist in Resources */,
				3A6309C51F9F72B200CF94BA /* launch.jpg in Resources */,
				3A3F44E81C565AAF0061817B /* LaunchScreen.storyboard in Resources */,
				3A3F44E51C565AAF0061817B /* Assets.xcassets in Resources */,
				3A3F44E01C565AAF0061817B /* Main.storyboard in Resources */,
			);
			runOnlyForDeploymentPostprocessing = 0;
		};
/* End PBXResourcesBuildPhase section */

/* Begin PBXShellScriptBuildPhase section */
		E8C62940A23B81681E48E141 /* [CP] Embed Pods Frameworks */ = {
			isa = PBXShellScriptBuildPhase;
			buildActionMask = 2147483647;
			files = (
			);
			inputPaths = (
			);
			name = "[CP] Embed Pods Frameworks";
			outputPaths = (
			);
			runOnlyForDeploymentPostprocessing = 0;
			shellPath = /bin/sh;
			shellScript = "\"${SRCROOT}/Pods/Target Support Files/Pods-BJGJJ/Pods-BJGJJ-frameworks.sh\"\n";
			showEnvVarsInLog = 0;
		};
		FC8BAE27F88C63357E592F6B /* [CP] Check Pods Manifest.lock */ = {
			isa = PBXShellScriptBuildPhase;
			buildActionMask = 2147483647;
			files = (
			);
			inputPaths = (
			);
			name = "[CP] Check Pods Manifest.lock";
			outputPaths = (
			);
			runOnlyForDeploymentPostprocessing = 0;
			shellPath = /bin/sh;
			shellScript = "diff \"${PODS_PODFILE_DIR_PATH}/Podfile.lock\" \"${PODS_ROOT}/Manifest.lock\" > /dev/null\nif [ $? != 0 ] ; then\n    # print error to STDERR\n    echo \"error: The sandbox is not in sync with the Podfile.lock. Run 'pod install' or update your CocoaPods installation.\" >&2\n    exit 1\nfi\n";
			showEnvVarsInLog = 0;
		};
		FFA10027B7FB1C0DE9DAC658 /* [CP] Copy Pods Resources */ = {
			isa = PBXShellScriptBuildPhase;
			buildActionMask = 2147483647;
			files = (
			);
			inputPaths = (
			);
			name = "[CP] Copy Pods Resources";
			outputPaths = (
			);
			runOnlyForDeploymentPostprocessing = 0;
			shellPath = /bin/sh;
			shellScript = "\"${SRCROOT}/Pods/Target Support Files/Pods-BJGJJ/Pods-BJGJJ-resources.sh\"\n";
			showEnvVarsInLog = 0;
		};
/* End PBXShellScriptBuildPhase section */

/* Begin PBXSourcesBuildPhase section */
		3A3F44CE1C565AAF0061817B /* Sources */ = {
			isa = PBXSourcesBuildPhase;
			buildActionMask = 2147483647;
			files = (
				3A7604311C5FA2B10044B61A /* UIImage+Tint.m in Sources */,
				3A8019B01C57B6A500DB16BF /* Encrypt.m in Sources */,
				3A79DEDE1C5DE4E1007C5D48 /* StatusBean.m in Sources */,
				3A8B5EF81C5C977D00FE956D /* NSStringUtils.m in Sources */,
				3A79DEF31C5E35D2007C5D48 /* CaptchaBrowser.m in Sources */,
				3A79DEDA1C5DCD3A007C5D48 /* BJBrowser.m in Sources */,
				3A76042C1C5FA29B0044B61A /* CommonUtils.m in Sources */,
				3A8B5EFB1C5CB48400FE956D /* NSString+Converter.m in Sources */,
				3A8B5EF51C5C820100FE956D /* NSArray+Converter.m in Sources */,
				3A79DEE41C5DED68007C5D48 /* NSString+Regular.m in Sources */,
				3A3F44F41C5668070061817B /* Browser.m in Sources */,
				3A7604291C5FA2630044B61A /* FlatUIButton.m in Sources */,
				3A3F44E31C565AAF0061817B /* BJGJJ.xcdatamodeld in Sources */,
				3A7604471C5FBF0F0044B61A /* CCFNavigationController.m in Sources */,
				3A7604371C5FB9A60044B61A /* CountInfoTableViewController.m in Sources */,
				3A3F44DA1C565AAF0061817B /* AppDelegate.m in Sources */,
				3A3F44D71C565AAF0061817B /* main.m in Sources */,
				3A7604321C5FA2B10044B61A /* UIColor+MyColor.m in Sources */,
				3A76044D1C5FD87A0044B61A /* TransDataUIViewController.m in Sources */,
				3A3F44F11C56661C0061817B /* LoginViewController.m in Sources */,
				3A79DEE11C5DE5F9007C5D48 /* HTMLParser.m in Sources */,
				2F34C2E65C4DCBC27AB96D37 /* CountInfoBean.m in Sources */,
				2F34C83268ECD8A330DC61BE /* TransBundleUINavigationController.m in Sources */,
				2F34C75234499A24B2C638A2 /* TransBundle.m in Sources */,
				2F34C9C7187BFB80C977CA1F /* TransBundleUIViewController.m in Sources */,
				2F34CA83D0EBDA9E78F7BADD /* UIStoryboard+Forum.m in Sources */,
				2F34CA602530617EB2B2DD32 /* TranBundleUITableViewController.m in Sources */,
			);
			runOnlyForDeploymentPostprocessing = 0;
		};
/* End PBXSourcesBuildPhase section */

/* Begin PBXVariantGroup section */
		3A3F44DE1C565AAF0061817B /* Main.storyboard */ = {
			isa = PBXVariantGroup;
			children = (
				3A3F44DF1C565AAF0061817B /* Base */,
			);
			name = Main.storyboard;
			sourceTree = "<group>";
		};
		3A3F44E61C565AAF0061817B /* LaunchScreen.storyboard */ = {
			isa = PBXVariantGroup;
			children = (
				3A3F44E71C565AAF0061817B /* Base */,
			);
			name = LaunchScreen.storyboard;
			sourceTree = "<group>";
		};
/* End PBXVariantGroup section */

/* Begin XCBuildConfiguration section */
		3A3F44EA1C565AAF0061817B /* Debug */ = {
			isa = XCBuildConfiguration;
			buildSettings = {
				ALWAYS_SEARCH_USER_PATHS = NO;
				CLANG_CXX_LANGUAGE_STANDARD = "gnu++0x";
				CLANG_CXX_LIBRARY = "libc++";
				CLANG_ENABLE_MODULES = YES;
				CLANG_ENABLE_OBJC_ARC = YES;
				CLANG_WARN_BOOL_CONVERSION = YES;
				CLANG_WARN_CONSTANT_CONVERSION = YES;
				CLANG_WARN_DIRECT_OBJC_ISA_USAGE = YES_ERROR;
				CLANG_WARN_EMPTY_BODY = YES;
				CLANG_WARN_ENUM_CONVERSION = YES;
				CLANG_WARN_INT_CONVERSION = YES;
				CLANG_WARN_OBJC_ROOT_CLASS = YES_ERROR;
				CLANG_WARN_UNREACHABLE_CODE = YES;
				CLANG_WARN__DUPLICATE_METHOD_MATCH = YES;
				"CODE_SIGN_IDENTITY[sdk=iphoneos*]" = "iPhone Developer";
				COPY_PHASE_STRIP = NO;
				DEBUG_INFORMATION_FORMAT = dwarf;
				ENABLE_STRICT_OBJC_MSGSEND = YES;
				ENABLE_TESTABILITY = YES;
				GCC_C_LANGUAGE_STANDARD = gnu99;
				GCC_DYNAMIC_NO_PIC = NO;
				GCC_NO_COMMON_BLOCKS = YES;
				GCC_OPTIMIZATION_LEVEL = 0;
				GCC_PREPROCESSOR_DEFINITIONS = (
					"DEBUG=1",
					"$(inherited)",
				);
				GCC_WARN_64_TO_32_BIT_CONVERSION = YES;
				GCC_WARN_ABOUT_RETURN_TYPE = YES_ERROR;
				GCC_WARN_UNDECLARED_SELECTOR = YES;
				GCC_WARN_UNINITIALIZED_AUTOS = YES_AGGRESSIVE;
				GCC_WARN_UNUSED_FUNCTION = YES;
				GCC_WARN_UNUSED_VARIABLE = YES;
				IPHONEOS_DEPLOYMENT_TARGET = 9.2;
				MTL_ENABLE_DEBUG_INFO = YES;
				ONLY_ACTIVE_ARCH = YES;
				SDKROOT = iphoneos;
			};
			name = Debug;
		};
		3A3F44EB1C565AAF0061817B /* Release */ = {
			isa = XCBuildConfiguration;
			buildSettings = {
				ALWAYS_SEARCH_USER_PATHS = NO;
				CLANG_CXX_LANGUAGE_STANDARD = "gnu++0x";
				CLANG_CXX_LIBRARY = "libc++";
				CLANG_ENABLE_MODULES = YES;
				CLANG_ENABLE_OBJC_ARC = YES;
				CLANG_WARN_BOOL_CONVERSION = YES;
				CLANG_WARN_CONSTANT_CONVERSION = YES;
				CLANG_WARN_DIRECT_OBJC_ISA_USAGE = YES_ERROR;
				CLANG_WARN_EMPTY_BODY = YES;
				CLANG_WARN_ENUM_CONVERSION = YES;
				CLANG_WARN_INT_CONVERSION = YES;
				CLANG_WARN_OBJC_ROOT_CLASS = YES_ERROR;
				CLANG_WARN_UNREACHABLE_CODE = YES;
				CLANG_WARN__DUPLICATE_METHOD_MATCH = YES;
				"CODE_SIGN_IDENTITY[sdk=iphoneos*]" = "iPhone Developer";
				COPY_PHASE_STRIP = NO;
				DEBUG_INFORMATION_FORMAT = "dwarf-with-dsym";
				ENABLE_NS_ASSERTIONS = NO;
				ENABLE_STRICT_OBJC_MSGSEND = YES;
				GCC_C_LANGUAGE_STANDARD = gnu99;
				GCC_NO_COMMON_BLOCKS = YES;
				GCC_WARN_64_TO_32_BIT_CONVERSION = YES;
				GCC_WARN_ABOUT_RETURN_TYPE = YES_ERROR;
				GCC_WARN_UNDECLARED_SELECTOR = YES;
				GCC_WARN_UNINITIALIZED_AUTOS = YES_AGGRESSIVE;
				GCC_WARN_UNUSED_FUNCTION = YES;
				GCC_WARN_UNUSED_VARIABLE = YES;
				IPHONEOS_DEPLOYMENT_TARGET = 9.2;
				MTL_ENABLE_DEBUG_INFO = NO;
				SDKROOT = iphoneos;
				VALIDATE_PRODUCT = YES;
			};
			name = Release;
		};
		3A3F44ED1C565AAF0061817B /* Debug */ = {
			isa = XCBuildConfiguration;
			baseConfigurationReference = D2581A410982D2C0BBD564E1 /* Pods-BJGJJ.debug.xcconfig */;
			buildSettings = {
				ASSETCATALOG_COMPILER_APPICON_NAME = AppIcon;
				DEVELOPMENT_TEAM = NRHHX365ZN;
				INFOPLIST_FILE = BJGJJ/Info.plist;
				IPHONEOS_DEPLOYMENT_TARGET = 8.0;
				LD_RUNPATH_SEARCH_PATHS = "$(inherited) @executable_path/Frameworks";
				PRODUCT_BUNDLE_IDENTIFIER = com.andforce.BJGJJ;
				PRODUCT_NAME = "$(TARGET_NAME)";
				TARGETED_DEVICE_FAMILY = 1;
				USER_HEADER_SEARCH_PATHS = "\"${PROJECT_DIR}/Pods\"/**";
			};
			name = Debug;
		};
		3A3F44EE1C565AAF0061817B /* Release */ = {
			isa = XCBuildConfiguration;
			baseConfigurationReference = 72DD758C1117D897B8E16FA0 /* Pods-BJGJJ.release.xcconfig */;
			buildSettings = {
				ASSETCATALOG_COMPILER_APPICON_NAME = AppIcon;
				DEVELOPMENT_TEAM = NRHHX365ZN;
				INFOPLIST_FILE = BJGJJ/Info.plist;
				IPHONEOS_DEPLOYMENT_TARGET = 8.0;
				LD_RUNPATH_SEARCH_PATHS = "$(inherited) @executable_path/Frameworks";
				PRODUCT_BUNDLE_IDENTIFIER = com.andforce.BJGJJ;
				PRODUCT_NAME = "$(TARGET_NAME)";
				TARGETED_DEVICE_FAMILY = 1;
				USER_HEADER_SEARCH_PATHS = "\"${PROJECT_DIR}/Pods\"/**";
			};
			name = Release;
		};
/* End XCBuildConfiguration section */

/* Begin XCConfigurationList section */
		3A3F44CD1C565AAF0061817B /* Build configuration list for PBXProject "BJGJJ" */ = {
			isa = XCConfigurationList;
			buildConfigurations = (
				3A3F44EA1C565AAF0061817B /* Debug */,
				3A3F44EB1C565AAF0061817B /* Release */,
			);
			defaultConfigurationIsVisible = 0;
			defaultConfigurationName = Release;
		};
		3A3F44EC1C565AAF0061817B /* Build configuration list for PBXNativeTarget "BJGJJ" */ = {
			isa = XCConfigurationList;
			buildConfigurations = (
				3A3F44ED1C565AAF0061817B /* Debug */,
				3A3F44EE1C565AAF0061817B /* Release */,
			);
			defaultConfigurationIsVisible = 0;
			defaultConfigurationName = Release;
		};
/* End XCConfigurationList section */

/* Begin XCVersionGroup section */
		3A3F44E11C565AAF0061817B /* BJGJJ.xcdatamodeld */ = {
			isa = XCVersionGroup;
			children = (
				3A3F44E21C565AAF0061817B /* BJGJJ.xcdatamodel */,
			);
			currentVersion = 3A3F44E21C565AAF0061817B /* BJGJJ.xcdatamodel */;
			path = BJGJJ.xcdatamodeld;
			sourceTree = "<group>";
			versionGroupType = wrapper.xcdatamodel;
		};
/* End XCVersionGroup section */
	};
	rootObject = 3A3F44CA1C565AAF0061817B /* Project object */;
}
